// !$*UTF8*$!
{
	archiveVersion = 1;
	classes = {
	};
	objectVersion = 50;
	objects = {

/* Begin PBXBuildFile section */
		B57A9D6F214694C400040A43 /* AppDelegate.swift in Sources */ = {isa = PBXBuildFile; fileRef = B57A9D6E214694C400040A43 /* AppDelegate.swift */; };
		B57A9D71214694C400040A43 /* ViewController.swift in Sources */ = {isa = PBXBuildFile; fileRef = B57A9D70214694C400040A43 /* ViewController.swift */; };
		B57A9D74214694C400040A43 /* Main.storyboard in Resources */ = {isa = PBXBuildFile; fileRef = B57A9D72214694C400040A43 /* Main.storyboard */; };
		B57A9D76214694C500040A43 /* Assets.xcassets in Resources */ = {isa = PBXBuildFile; fileRef = B57A9D75214694C500040A43 /* Assets.xcassets */; };
		B57A9D79214694C500040A43 /* LaunchScreen.storyboard in Resources */ = {isa = PBXBuildFile; fileRef = B57A9D77214694C500040A43 /* LaunchScreen.storyboard */; };
		B57A9D812146968B00040A43 /* BMSCredentials.plist in Resources */ = {isa = PBXBuildFile; fileRef = B57A9D802146968A00040A43 /* BMSCredentials.plist */; };
		B5800D9621469C24003DC09A /* CustomCell.swift in Sources */ = {isa = PBXBuildFile; fileRef = B5800D9421469C24003DC09A /* CustomCell.swift */; };
		B5800D9721469C24003DC09A /* CustomCell.xib in Resources */ = {isa = PBXBuildFile; fileRef = B5800D9521469C24003DC09A /* CustomCell.xib */; };
		B5800D992146A862003DC09A /* Transaction.swift in Sources */ = {isa = PBXBuildFile; fileRef = B5800D982146A862003DC09A /* Transaction.swift */; };
		D6F2A3672F2751830C97004C /* Pods_AGB.framework in Frameworks */ = {isa = PBXBuildFile; fileRef = 4FA5F9DA8A4EC6E9A7FF3950 /* Pods_AGB.framework */; };
/* End PBXBuildFile section */

/* Begin PBXFileReference section */
		28C522950D2E8C7BD860B18A /* Pods-AGB.release.xcconfig */ = {isa = PBXFileReference; includeInIndex = 1; lastKnownFileType = text.xcconfig; name = "Pods-AGB.release.xcconfig"; path = "Pods/Target Support Files/Pods-AGB/Pods-AGB.release.xcconfig"; sourceTree = "<group>"; };
		4FA5F9DA8A4EC6E9A7FF3950 /* Pods_AGB.framework */ = {isa = PBXFileReference; explicitFileType = wrapper.framework; includeInIndex = 0; path = Pods_AGB.framework; sourceTree = BUILT_PRODUCTS_DIR; };
		B57A9D6B214694C400040A43 /* AGB.app */ = {isa = PBXFileReference; explicitFileType = wrapper.application; includeInIndex = 0; path = AGB.app; sourceTree = BUILT_PRODUCTS_DIR; };
		B57A9D6E214694C400040A43 /* AppDelegate.swift */ = {isa = PBXFileReference; lastKnownFileType = sourcecode.swift; path = AppDelegate.swift; sourceTree = "<group>"; };
		B57A9D70214694C400040A43 /* ViewController.swift */ = {isa = PBXFileReference; lastKnownFileType = sourcecode.swift; path = ViewController.swift; sourceTree = "<group>"; };
		B57A9D73214694C400040A43 /* Base */ = {isa = PBXFileReference; lastKnownFileType = file.storyboard; name = Base; path = Base.lproj/Main.storyboard; sourceTree = "<group>"; };
		B57A9D75214694C500040A43 /* Assets.xcassets */ = {isa = PBXFileReference; lastKnownFileType = folder.assetcatalog; path = Assets.xcassets; sourceTree = "<group>"; };
		B57A9D78214694C500040A43 /* Base */ = {isa = PBXFileReference; lastKnownFileType = file.storyboard; name = Base; path = Base.lproj/LaunchScreen.storyboard; sourceTree = "<group>"; };
		B57A9D7A214694C500040A43 /* Info.plist */ = {isa = PBXFileReference; lastKnownFileType = text.plist.xml; path = Info.plist; sourceTree = "<group>"; };
		B57A9D802146968A00040A43 /* BMSCredentials.plist */ = {isa = PBXFileReference; fileEncoding = 4; lastKnownFileType = text.plist.xml; path = BMSCredentials.plist; sourceTree = "<group>"; };
		B5800D9421469C24003DC09A /* CustomCell.swift */ = {isa = PBXFileReference; lastKnownFileType = sourcecode.swift; name = CustomCell.swift; path = AGB/View/CustomCell.swift; sourceTree = SOURCE_ROOT; };
		B5800D9521469C24003DC09A /* CustomCell.xib */ = {isa = PBXFileReference; lastKnownFileType = file.xib; path = CustomCell.xib; sourceTree = "<group>"; };
		B5800D982146A862003DC09A /* Transaction.swift */ = {isa = PBXFileReference; lastKnownFileType = sourcecode.swift; path = Transaction.swift; sourceTree = "<group>"; };
		D5B62FD6FAE673AD05655A84 /* Pods-AGB.debug.xcconfig */ = {isa = PBXFileReference; includeInIndex = 1; lastKnownFileType = text.xcconfig; name = "Pods-AGB.debug.xcconfig"; path = "Pods/Target Support Files/Pods-AGB/Pods-AGB.debug.xcconfig"; sourceTree = "<group>"; };
/* End PBXFileReference section */

/* Begin PBXFrameworksBuildPhase section */
		B57A9D68214694C400040A43 /* Frameworks */ = {
			isa = PBXFrameworksBuildPhase;
			buildActionMask = 2147483647;
			files = (
				D6F2A3672F2751830C97004C /* Pods_AGB.framework in Frameworks */,
			);
			runOnlyForDeploymentPostprocessing = 0;
		};
/* End PBXFrameworksBuildPhase section */

/* Begin PBXGroup section */
		3730108F978CDDD75C9BDDEC /* Pods */ = {
			isa = PBXGroup;
			children = (
				D5B62FD6FAE673AD05655A84 /* Pods-AGB.debug.xcconfig */,
				28C522950D2E8C7BD860B18A /* Pods-AGB.release.xcconfig */,
			);
			name = Pods;
			sourceTree = "<group>";
		};
		B57A9D62214694C400040A43 = {
			isa = PBXGroup;
			children = (
				B57A9D6D214694C400040A43 /* AGB */,
				B57A9D6C214694C400040A43 /* Products */,
				3730108F978CDDD75C9BDDEC /* Pods */,
				FB29F6E23B6573994D76D735 /* Frameworks */,
			);
			sourceTree = "<group>";
		};
		B57A9D6C214694C400040A43 /* Products */ = {
			isa = PBXGroup;
			children = (
				B57A9D6B214694C400040A43 /* AGB.app */,
			);
			name = Products;
			sourceTree = "<group>";
		};
		B57A9D6D214694C400040A43 /* AGB */ = {
			isa = PBXGroup;
			children = (
				B57A9D802146968A00040A43 /* BMSCredentials.plist */,
				B5800D9A2146AB1F003DC09A /* View */,
				B57A9D6E214694C400040A43 /* AppDelegate.swift */,
				B5800D9B2146AB29003DC09A /* Controller */,
				B57A9D75214694C500040A43 /* Assets.xcassets */,
				B57A9D7A214694C500040A43 /* Info.plist */,
				B5800D9C2146AB45003DC09A /* Model */,
			);
			path = AGB;
			sourceTree = "<group>";
		};
		B5800D9A2146AB1F003DC09A /* View */ = {
			isa = PBXGroup;
			children = (
				B57A9D77214694C500040A43 /* LaunchScreen.storyboard */,
				B57A9D72214694C400040A43 /* Main.storyboard */,
				B5800D9421469C24003DC09A /* CustomCell.swift */,
				B5800D9521469C24003DC09A /* CustomCell.xib */,
			);
			path = View;
			sourceTree = "<group>";
		};
		B5800D9B2146AB29003DC09A /* Controller */ = {
			isa = PBXGroup;
			children = (
				B57A9D70214694C400040A43 /* ViewController.swift */,
			);
			path = Controller;
			sourceTree = "<group>";
		};
		B5800D9C2146AB45003DC09A /* Model */ = {
			isa = PBXGroup;
			children = (
				B5800D982146A862003DC09A /* Transaction.swift */,
			);
			path = Model;
			sourceTree = "<group>";
		};
		FB29F6E23B6573994D76D735 /* Frameworks */ = {
			isa = PBXGroup;
			children = (
				4FA5F9DA8A4EC6E9A7FF3950 /* Pods_AGB.framework */,
			);
			name = Frameworks;
			sourceTree = "<group>";
		};
/* End PBXGroup section */

/* Begin PBXNativeTarget section */
		B57A9D6A214694C400040A43 /* AGB */ = {
			isa = PBXNativeTarget;
			buildConfigurationList = B57A9D7D214694C500040A43 /* Build configuration list for PBXNativeTarget "AGB" */;
			buildPhases = (
				FBA08D717FC7D52510394701 /* [CP] Check Pods Manifest.lock */,
				B57A9D67214694C400040A43 /* Sources */,
				B57A9D68214694C400040A43 /* Frameworks */,
				B57A9D69214694C400040A43 /* Resources */,
				5CDF1C115B7999A896DCD6A9 /* [CP] Embed Pods Frameworks */,
			);
			buildRules = (
			);
			dependencies = (
			);
			name = AGB;
			productName = AGB;
			productReference = B57A9D6B214694C400040A43 /* AGB.app */;
			productType = "com.apple.product-type.application";
		};
/* End PBXNativeTarget section */

/* Begin PBXProject section */
		B57A9D63214694C400040A43 /* Project object */ = {
			isa = PBXProject;
			attributes = {
				LastSwiftUpdateCheck = 0940;
				LastUpgradeCheck = 0940;
				ORGANIZATIONNAME = "Alain Gabellier";
				TargetAttributes = {
					B57A9D6A214694C400040A43 = {
						CreatedOnToolsVersion = 9.4.1;
					};
				};
			};
			buildConfigurationList = B57A9D66214694C400040A43 /* Build configuration list for PBXProject "AGB" */;
			compatibilityVersion = "Xcode 9.3";
			developmentRegion = en;
			hasScannedForEncodings = 0;
			knownRegions = (
				en,
				Base,
			);
			mainGroup = B57A9D62214694C400040A43;
			productRefGroup = B57A9D6C214694C400040A43 /* Products */;
			projectDirPath = "";
			projectRoot = "";
			targets = (
				B57A9D6A214694C400040A43 /* AGB */,
			);
		};
/* End PBXProject section */

/* Begin PBXResourcesBuildPhase section */
		B57A9D69214694C400040A43 /* Resources */ = {
			isa = PBXResourcesBuildPhase;
			buildActionMask = 2147483647;
			files = (
				B5800D9721469C24003DC09A /* CustomCell.xib in Resources */,
				B57A9D79214694C500040A43 /* LaunchScreen.storyboard in Resources */,
				B57A9D76214694C500040A43 /* Assets.xcassets in Resources */,
				B57A9D812146968B00040A43 /* BMSCredentials.plist in Resources */,
				B57A9D74214694C400040A43 /* Main.storyboard in Resources */,
			);
			runOnlyForDeploymentPostprocessing = 0;
		};
/* End PBXResourcesBuildPhase section */

/* Begin PBXShellScriptBuildPhase section */
		5CDF1C115B7999A896DCD6A9 /* [CP] Embed Pods Frameworks */ = {
			isa = PBXShellScriptBuildPhase;
			buildActionMask = 2147483647;
			files = (
			);
			inputPaths = (
				"${SRCROOT}/Pods/Target Support Files/Pods-AGB/Pods-AGB-frameworks.sh",
				"${BUILT_PRODUCTS_DIR}/BMSAnalyticsAPI/BMSAnalyticsAPI.framework",
				"${BUILT_PRODUCTS_DIR}/BMSCore/BMSCore.framework",
				"${BUILT_PRODUCTS_DIR}/ChameleonFramework/ChameleonFramework.framework",
				"${BUILT_PRODUCTS_DIR}/Realm/Realm.framework",
				"${BUILT_PRODUCTS_DIR}/RealmSwift/RealmSwift.framework",
				"${BUILT_PRODUCTS_DIR}/SwiftCloudant/SwiftCloudant.framework",
				"${BUILT_PRODUCTS_DIR}/SwiftyJSON/SwiftyJSON.framework",
				"${BUILT_PRODUCTS_DIR}/SwipeCellKit/SwipeCellKit.framework",
			);
			name = "[CP] Embed Pods Frameworks";
			outputPaths = (
				"${TARGET_BUILD_DIR}/${FRAMEWORKS_FOLDER_PATH}/BMSAnalyticsAPI.framework",
				"${TARGET_BUILD_DIR}/${FRAMEWORKS_FOLDER_PATH}/BMSCore.framework",
				"${TARGET_BUILD_DIR}/${FRAMEWORKS_FOLDER_PATH}/ChameleonFramework.framework",
				"${TARGET_BUILD_DIR}/${FRAMEWORKS_FOLDER_PATH}/Realm.framework",
				"${TARGET_BUILD_DIR}/${FRAMEWORKS_FOLDER_PATH}/RealmSwift.framework",
				"${TARGET_BUILD_DIR}/${FRAMEWORKS_FOLDER_PATH}/SwiftCloudant.framework",
				"${TARGET_BUILD_DIR}/${FRAMEWORKS_FOLDER_PATH}/SwiftyJSON.framework",
				"${TARGET_BUILD_DIR}/${FRAMEWORKS_FOLDER_PATH}/SwipeCellKit.framework",
			);
			runOnlyForDeploymentPostprocessing = 0;
			shellPath = /bin/sh;
			shellScript = "\"${SRCROOT}/Pods/Target Support Files/Pods-AGB/Pods-AGB-frameworks.sh\"\n";
			showEnvVarsInLog = 0;
		};
		FBA08D717FC7D52510394701 /* [CP] Check Pods Manifest.lock */ = {
			isa = PBXShellScriptBuildPhase;
			buildActionMask = 2147483647;
			files = (
			);
			inputPaths = (
				"${PODS_PODFILE_DIR_PATH}/Podfile.lock",
				"${PODS_ROOT}/Manifest.lock",
			);
			name = "[CP] Check Pods Manifest.lock";
			outputPaths = (
				"$(DERIVED_FILE_DIR)/Pods-AGB-checkManifestLockResult.txt",
			);
			runOnlyForDeploymentPostprocessing = 0;
			shellPath = /bin/sh;
			shellScript = "diff \"${PODS_PODFILE_DIR_PATH}/Podfile.lock\" \"${PODS_ROOT}/Manifest.lock\" > /dev/null\nif [ $? != 0 ] ; then\n    # print error to STDERR\n    echo \"error: The sandbox is not in sync with the Podfile.lock. Run 'pod install' or update your CocoaPods installation.\" >&2\n    exit 1\nfi\n# This output is used by Xcode 'outputs' to avoid re-running this script phase.\necho \"SUCCESS\" > \"${SCRIPT_OUTPUT_FILE_0}\"\n";
			showEnvVarsInLog = 0;
		};
/* End PBXShellScriptBuildPhase section */

/* Begin PBXSourcesBuildPhase section */
		B57A9D67214694C400040A43 /* Sources */ = {
			isa = PBXSourcesBuildPhase;
			buildActionMask = 2147483647;
			files = (
				B57A9D71214694C400040A43 /* ViewController.swift in Sources */,
				B5800D9621469C24003DC09A /* CustomCell.swift in Sources */,
				B5800D992146A862003DC09A /* Transaction.swift in Sources */,
				B57A9D6F214694C400040A43 /* AppDelegate.swift in Sources */,
			);
			runOnlyForDeploymentPostprocessing = 0;
		};
/* End PBXSourcesBuildPhase section */

/* Begin PBXVariantGroup section */
		B57A9D72214694C400040A43 /* Main.storyboard */ = {
			isa = PBXVariantGroup;
			children = (
				B57A9D73214694C400040A43 /* Base */,
			);
			name = Main.storyboard;
			sourceTree = "<group>";
		};
		B57A9D77214694C500040A43 /* LaunchScreen.storyboard */ = {
			isa = PBXVariantGroup;
			children = (
				B57A9D78214694C500040A43 /* Base */,
			);
			name = LaunchScreen.storyboard;
			sourceTree = "<group>";
		};
/* End PBXVariantGroup section */

/* Begin XCBuildConfiguration section */
		B57A9D7B214694C500040A43 /* Debug */ = {
			isa = XCBuildConfiguration;
			buildSettings = {
				ALWAYS_SEARCH_USER_PATHS = NO;
				CLANG_ANALYZER_NONNULL = YES;
				CLANG_ANALYZER_NUMBER_OBJECT_CONVERSION = YES_AGGRESSIVE;
				CLANG_CXX_LANGUAGE_STANDARD = "gnu++14";
				CLANG_CXX_LIBRARY = "libc++";
				CLANG_ENABLE_MODULES = YES;
				CLANG_ENABLE_OBJC_ARC = YES;
				CLANG_ENABLE_OBJC_WEAK = YES;
				CLANG_WARN_BLOCK_CAPTURE_AUTORELEASING = YES;
				CLANG_WARN_BOOL_CONVERSION = YES;
				CLANG_WARN_COMMA = YES;
				CLANG_WARN_CONSTANT_CONVERSION = YES;
				CLANG_WARN_DEPRECATED_OBJC_IMPLEMENTATIONS = YES;
				CLANG_WARN_DIRECT_OBJC_ISA_USAGE = YES_ERROR;
				CLANG_WARN_DOCUMENTATION_COMMENTS = YES;
				CLANG_WARN_EMPTY_BODY = YES;
				CLANG_WARN_ENUM_CONVERSION = YES;
				CLANG_WARN_INFINITE_RECURSION = YES;
				CLANG_WARN_INT_CONVERSION = YES;
				CLANG_WARN_NON_LITERAL_NULL_CONVERSION = YES;
				CLANG_WARN_OBJC_IMPLICIT_RETAIN_SELF = YES;
				CLANG_WARN_OBJC_LITERAL_CONVERSION = YES;
				CLANG_WARN_OBJC_ROOT_CLASS = YES_ERROR;
				CLANG_WARN_RANGE_LOOP_ANALYSIS = YES;
				CLANG_WARN_STRICT_PROTOTYPES = YES;
				CLANG_WARN_SUSPICIOUS_MOVE = YES;
				CLANG_WARN_UNGUARDED_AVAILABILITY = YES_AGGRESSIVE;
				CLANG_WARN_UNREACHABLE_CODE = YES;
				CLANG_WARN__DUPLICATE_METHOD_MATCH = YES;
				CODE_SIGN_IDENTITY = "iPhone Developer";
				COPY_PHASE_STRIP = NO;
				DEBUG_INFORMATION_FORMAT = dwarf;
				ENABLE_STRICT_OBJC_MSGSEND = YES;
				ENABLE_TESTABILITY = YES;
				GCC_C_LANGUAGE_STANDARD = gnu11;
				GCC_DYNAMIC_NO_PIC = NO;
				GCC_NO_COMMON_BLOCKS = YES;
				GCC_OPTIMIZATION_LEVEL = 0;
				GCC_PREPROCESSOR_DEFINITIONS = (
					"DEBUG=1",
					"$(inherited)",
				);
				GCC_WARN_64_TO_32_BIT_CONVERSION = YES;
				GCC_WARN_ABOUT_RETURN_TYPE = YES_ERROR;
				GCC_WARN_UNDECLARED_SELECTOR = YES;
				GCC_WARN_UNINITIALIZED_AUTOS = YES_AGGRESSIVE;
				GCC_WARN_UNUSED_FUNCTION = YES;
				GCC_WARN_UNUSED_VARIABLE = YES;
				IPHONEOS_DEPLOYMENT_TARGET = 11.4;
				MTL_ENABLE_DEBUG_INFO = YES;
				ONLY_ACTIVE_ARCH = YES;
				SDKROOT = iphoneos;
				SWIFT_ACTIVE_COMPILATION_CONDITIONS = DEBUG;
				SWIFT_OPTIMIZATION_LEVEL = "-Onone";
			};
			name = Debug;
		};
		B57A9D7C214694C500040A43 /* Release */ = {
			isa = XCBuildConfiguration;
			buildSettings = {
				ALWAYS_SEARCH_USER_PATHS = NO;
				CLANG_ANALYZER_NONNULL = YES;
				CLANG_ANALYZER_NUMBER_OBJECT_CONVERSION = YES_AGGRESSIVE;
				CLANG_CXX_LANGUAGE_STANDARD = "gnu++14";
				CLANG_CXX_LIBRARY = "libc++";
				CLANG_ENABLE_MODULES = YES;
				CLANG_ENABLE_OBJC_ARC = YES;
				CLANG_ENABLE_OBJC_WEAK = YES;
				CLANG_WARN_BLOCK_CAPTURE_AUTORELEASING = YES;
				CLANG_WARN_BOOL_CONVERSION = YES;
				CLANG_WARN_COMMA = YES;
				CLANG_WARN_CONSTANT_CONVERSION = YES;
				CLANG_WARN_DEPRECATED_OBJC_IMPLEMENTATIONS = YES;
				CLANG_WARN_DIRECT_OBJC_ISA_USAGE = YES_ERROR;
				CLANG_WARN_DOCUMENTATION_COMMENTS = YES;
				CLANG_WARN_EMPTY_BODY = YES;
				CLANG_WARN_ENUM_CONVERSION = YES;
				CLANG_WARN_INFINITE_RECURSION = YES;
				CLANG_WARN_INT_CONVERSION = YES;
				CLANG_WARN_NON_LITERAL_NULL_CONVERSION = YES;
				CLANG_WARN_OBJC_IMPLICIT_RETAIN_SELF = YES;
				CLANG_WARN_OBJC_LITERAL_CONVERSION = YES;
				CLANG_WARN_OBJC_ROOT_CLASS = YES_ERROR;
				CLANG_WARN_RANGE_LOOP_ANALYSIS = YES;
				CLANG_WARN_STRICT_PROTOTYPES = YES;
				CLANG_WARN_SUSPICIOUS_MOVE = YES;
				CLANG_WARN_UNGUARDED_AVAILABILITY = YES_AGGRESSIVE;
				CLANG_WARN_UNREACHABLE_CODE = YES;
				CLANG_WARN__DUPLICATE_METHOD_MATCH = YES;
				CODE_SIGN_IDENTITY = "iPhone Developer";
				COPY_PHASE_STRIP = NO;
				DEBUG_INFORMATION_FORMAT = "dwarf-with-dsym";
				ENABLE_NS_ASSERTIONS = NO;
				ENABLE_STRICT_OBJC_MSGSEND = YES;
				GCC_C_LANGUAGE_STANDARD = gnu11;
				GCC_NO_COMMON_BLOCKS = YES;
				GCC_WARN_64_TO_32_BIT_CONVERSION = YES;
				GCC_WARN_ABOUT_RETURN_TYPE = YES_ERROR;
				GCC_WARN_UNDECLARED_SELECTOR = YES;
				GCC_WARN_UNINITIALIZED_AUTOS = YES_AGGRESSIVE;
				GCC_WARN_UNUSED_FUNCTION = YES;
				GCC_WARN_UNUSED_VARIABLE = YES;
				IPHONEOS_DEPLOYMENT_TARGET = 11.4;
				MTL_ENABLE_DEBUG_INFO = NO;
				SDKROOT = iphoneos;
				SWIFT_COMPILATION_MODE = wholemodule;
				SWIFT_OPTIMIZATION_LEVEL = "-O";
				VALIDATE_PRODUCT = YES;
			};
			name = Release;
		};
		B57A9D7E214694C500040A43 /* Debug */ = {
			isa = XCBuildConfiguration;
			baseConfigurationReference = D5B62FD6FAE673AD05655A84 /* Pods-AGB.debug.xcconfig */;
			buildSettings = {
				ASSETCATALOG_COMPILER_APPICON_NAME = AppIcon;
				CODE_SIGN_STYLE = Automatic;
				DEVELOPMENT_TEAM = Q7W47GFKL3;
				INFOPLIST_FILE = AGB/Info.plist;
				LD_RUNPATH_SEARCH_PATHS = (
					"$(inherited)",
					"@executable_path/Frameworks",
				);
				PRODUCT_BUNDLE_IDENTIFIER = com.ibm.alain.AGB;
				PRODUCT_NAME = "$(TARGET_NAME)";
				SWIFT_VERSION = 4.0;
				TARGETED_DEVICE_FAMILY = "1,2";
			};
			name = Debug;
		};
		B57A9D7F214694C500040A43 /* Release */ = {
			isa = XCBuildConfiguration;
			baseConfigurationReference = 28C522950D2E8C7BD860B18A /* Pods-AGB.release.xcconfig */;
			buildSettings = {
				ASSETCATALOG_COMPILER_APPICON_NAME = AppIcon;
				CODE_SIGN_STYLE = Automatic;
				DEVELOPMENT_TEAM = Q7W47GFKL3;
				INFOPLIST_FILE = AGB/Info.plist;
				LD_RUNPATH_SEARCH_PATHS = (
					"$(inherited)",
					"@executable_path/Frameworks",
				);
				PRODUCT_BUNDLE_IDENTIFIER = com.ibm.alain.AGB;
				PRODUCT_NAME = "$(TARGET_NAME)";
				SWIFT_VERSION = 4.0;
				TARGETED_DEVICE_FAMILY = "1,2";
			};
			name = Release;
		};
/* End XCBuildConfiguration section */

/* Begin XCConfigurationList section */
		B57A9D66214694C400040A43 /* Build configuration list for PBXProject "AGB" */ = {
			isa = XCConfigurationList;
			buildConfigurations = (
				B57A9D7B214694C500040A43 /* Debug */,
				B57A9D7C214694C500040A43 /* Release */,
			);
			defaultConfigurationIsVisible = 0;
			defaultConfigurationName = Release;
		};
		B57A9D7D214694C500040A43 /* Build configuration list for PBXNativeTarget "AGB" */ = {
			isa = XCConfigurationList;
			buildConfigurations = (
				B57A9D7E214694C500040A43 /* Debug */,
				B57A9D7F214694C500040A43 /* Release */,
			);
			defaultConfigurationIsVisible = 0;
			defaultConfigurationName = Release;
		};
/* End XCConfigurationList section */
	};
	rootObject = B57A9D63214694C400040A43 /* Project object */;
}
